
Microsoft Visual Studio Solution File, Format Version 12.00
# Visual Studio Version 17
VisualStudioVersion = 17.11.35327.3
MinimumVisualStudioVersion = 10.0.40219.1
Project("{FAE04EC0-301F-11D3-BF4B-00C04F79EFBC}") = "Text2Html", "Text2Html.csproj", "{B7E8AF6A-E90C-4306-99BC-2E6ADF68E493}"
EndProject
Global
	GlobalSection(SolutionConfigurationPlatforms) = preSolution
		Debug|Any CPU = Debug|Any CPU
		Release|Any CPU = Release|Any CPU
	EndGlobalSection
	GlobalSection(ProjectConfigurationPlatforms) = postSolution
		{B7E8AF6A-E90C-4306-99BC-2E6ADF68E493}.Debug|Any CPU.ActiveCfg = Debug|Any CPU
		{B7E8AF6A-E90C-4306-99BC-2E6ADF68E493}.Debug|Any CPU.Build.0 = Debug|Any CPU
		{B7E8AF6A-E90C-4306-99BC-2E6ADF68E493}.Release|Any CPU.ActiveCfg = Release|Any CPU
		{B7E8AF6A-E90C-4306-99BC-2E6ADF68E493}.Release|Any CPU.Build.0 = Release|Any CPU
	EndGlobalSection
	GlobalSection(SolutionProperties) = preSolution
		HideSolutionNode = FALSE
	EndGlobalSection
	GlobalSection(ExtensibilityGlobals) = postSolution
		SolutionGuid = {F63CEC1E-6B4A-4811-BA94-91DCDC71EB67}
	EndGlobalSection
EndGlobal
